
Microsoft Visual Studio Solution File, Format Version 12.00
# Visual Studio Version 17
VisualStudioVersion = 17.8.34309.116
MinimumVisualStudioVersion = 10.0.40219.1
Project("{2150E333-8FDC-42A3-9474-1A3956D46DE8}") = "src", "src", "{591091F0-CF07-41C5-B443-197C1584C564}"
EndProject
Project("{2150E333-8FDC-42A3-9474-1A3956D46DE8}") = "API", "API", "{2DD772B0-2DB3-453C-BFFD-6E02FA10B8CA}"
EndProject
Project("{2150E333-8FDC-42A3-9474-1A3956D46DE8}") = "Core", "Core", "{0E1D17FE-95B0-4D53-86F8-281CB328CD96}"
EndProject
Project("{9A19103F-16F7-4668-BE54-9A1E7A4F7556}") = "AuthDemo.API", "AuthDemo.API\AuthDemo.API.csproj", "{B4264364-36CA-4F7E-8D33-82E6FA95A38C}"
EndProject
Project("{9A19103F-16F7-4668-BE54-9A1E7A4F7556}") = "AuthDemo.Domain", "AuthDemo.Domain\AuthDemo.Domain.csproj", "{90D03BC5-FA12-4458-8F20-375727B50F97}"
EndProject
Project("{9A19103F-16F7-4668-BE54-9A1E7A4F7556}") = "AuthDemo.Application", "AuthDemo.Application\AuthDemo.Application.csproj", "{7C501ED7-E824-4DBC-93E5-709C8F8C0CDA}"
EndProject
Project("{9A19103F-16F7-4668-BE54-9A1E7A4F7556}") = "AuthDemo.Persistence", "AuthDemo.Persistence\AuthDemo.Persistence.csproj", "{4E9D1A78-BF38-44B3-AC12-9CA8E3763708}"
EndProject
Project("{9A19103F-16F7-4668-BE54-9A1E7A4F7556}") = "AuthDemo.Identity", "AuthDemo.Identity\AuthDemo.Identity.csproj", "{BD0287AD-68B5-4EEB-AC3A-5DC0DFBFC8D0}"
EndProject
Project("{2150E333-8FDC-42A3-9474-1A3956D46DE8}") = "Infrastructure", "Infrastructure", "{A067506C-0DAC-4841-9965-6FD39B0B423C}"
EndProject
Global
	GlobalSection(SolutionConfigurationPlatforms) = preSolution
		Debug|Any CPU = Debug|Any CPU
		Release|Any CPU = Release|Any CPU
	EndGlobalSection
	GlobalSection(ProjectConfigurationPlatforms) = postSolution
		{B4264364-36CA-4F7E-8D33-82E6FA95A38C}.Debug|Any CPU.ActiveCfg = Debug|Any CPU
		{B4264364-36CA-4F7E-8D33-82E6FA95A38C}.Debug|Any CPU.Build.0 = Debug|Any CPU
		{B4264364-36CA-4F7E-8D33-82E6FA95A38C}.Release|Any CPU.ActiveCfg = Release|Any CPU
		{B4264364-36CA-4F7E-8D33-82E6FA95A38C}.Release|Any CPU.Build.0 = Release|Any CPU
		{90D03BC5-FA12-4458-8F20-375727B50F97}.Debug|Any CPU.ActiveCfg = Debug|Any CPU
		{90D03BC5-FA12-4458-8F20-375727B50F97}.Debug|Any CPU.Build.0 = Debug|Any CPU
		{90D03BC5-FA12-4458-8F20-375727B50F97}.Release|Any CPU.ActiveCfg = Release|Any CPU
		{90D03BC5-FA12-4458-8F20-375727B50F97}.Release|Any CPU.Build.0 = Release|Any CPU
		{7C501ED7-E824-4DBC-93E5-709C8F8C0CDA}.Debug|Any CPU.ActiveCfg = Debug|Any CPU
		{7C501ED7-E824-4DBC-93E5-709C8F8C0CDA}.Debug|Any CPU.Build.0 = Debug|Any CPU
		{7C501ED7-E824-4DBC-93E5-709C8F8C0CDA}.Release|Any CPU.ActiveCfg = Release|Any CPU
		{7C501ED7-E824-4DBC-93E5-709C8F8C0CDA}.Release|Any CPU.Build.0 = Release|Any CPU
		{4E9D1A78-BF38-44B3-AC12-9CA8E3763708}.Debug|Any CPU.ActiveCfg = Debug|Any CPU
		{4E9D1A78-BF38-44B3-AC12-9CA8E3763708}.Debug|Any CPU.Build.0 = Debug|Any CPU
		{4E9D1A78-BF38-44B3-AC12-9CA8E3763708}.Release|Any CPU.ActiveCfg = Release|Any CPU
		{4E9D1A78-BF38-44B3-AC12-9CA8E3763708}.Release|Any CPU.Build.0 = Release|Any CPU
		{BD0287AD-68B5-4EEB-AC3A-5DC0DFBFC8D0}.Debug|Any CPU.ActiveCfg = Debug|Any CPU
		{BD0287AD-68B5-4EEB-AC3A-5DC0DFBFC8D0}.Debug|Any CPU.Build.0 = Debug|Any CPU
		{BD0287AD-68B5-4EEB-AC3A-5DC0DFBFC8D0}.Release|Any CPU.ActiveCfg = Release|Any CPU
		{BD0287AD-68B5-4EEB-AC3A-5DC0DFBFC8D0}.Release|Any CPU.Build.0 = Release|Any CPU
	EndGlobalSection
	GlobalSection(SolutionProperties) = preSolution
		HideSolutionNode = FALSE
	EndGlobalSection
	GlobalSection(NestedProjects) = preSolution
		{2DD772B0-2DB3-453C-BFFD-6E02FA10B8CA} = {591091F0-CF07-41C5-B443-197C1584C564}
		{0E1D17FE-95B0-4D53-86F8-281CB328CD96} = {591091F0-CF07-41C5-B443-197C1584C564}
		{B4264364-36CA-4F7E-8D33-82E6FA95A38C} = {2DD772B0-2DB3-453C-BFFD-6E02FA10B8CA}
		{90D03BC5-FA12-4458-8F20-375727B50F97} = {0E1D17FE-95B0-4D53-86F8-281CB328CD96}
		{7C501ED7-E824-4DBC-93E5-709C8F8C0CDA} = {0E1D17FE-95B0-4D53-86F8-281CB328CD96}
		{4E9D1A78-BF38-44B3-AC12-9CA8E3763708} = {A067506C-0DAC-4841-9965-6FD39B0B423C}
		{BD0287AD-68B5-4EEB-AC3A-5DC0DFBFC8D0} = {A067506C-0DAC-4841-9965-6FD39B0B423C}
		{A067506C-0DAC-4841-9965-6FD39B0B423C} = {591091F0-CF07-41C5-B443-197C1584C564}
	EndGlobalSection
	GlobalSection(ExtensibilityGlobals) = postSolution
		SolutionGuid = {E3E72316-998A-4EEE-89F8-06BA36F16EDF}
	EndGlobalSection
EndGlobal
